
Microsoft Visual Studio Solution File, Format Version 12.00
# Visual Studio Version 17
VisualStudioVersion = 17.7.34221.43
MinimumVisualStudioVersion = 10.0.40219.1
Project("{FAE04EC0-301F-11D3-BF4B-00C04F79EFBC}") = "CalculatorLib", "CalculatorLib\CalculatorLib.csproj", "{A66F94CE-7779-4166-ACA1-D446287CCFC5}"
EndProject
Project("{FAE04EC0-301F-11D3-BF4B-00C04F79EFBC}") = "SpecFlowCalculatorOperations", "SpecFlowCalculatorOperations\SpecFlowCalculatorOperations.csproj", "{1B334A9A-8304-45CD-A946-7DAA698FBE05}"
EndProject
Global
	GlobalSection(SolutionConfigurationPlatforms) = preSolution
		Debug|Any CPU = Debug|Any CPU
		Release|Any CPU = Release|Any CPU
	EndGlobalSection
	GlobalSection(ProjectConfigurationPlatforms) = postSolution
		{A66F94CE-7779-4166-ACA1-D446287CCFC5}.Debug|Any CPU.ActiveCfg = Debug|Any CPU
		{A66F94CE-7779-4166-ACA1-D446287CCFC5}.Debug|Any CPU.Build.0 = Debug|Any CPU
		{A66F94CE-7779-4166-ACA1-D446287CCFC5}.Release|Any CPU.ActiveCfg = Release|Any CPU
		{A66F94CE-7779-4166-ACA1-D446287CCFC5}.Release|Any CPU.Build.0 = Release|Any CPU
		{1B334A9A-8304-45CD-A946-7DAA698FBE05}.Debug|Any CPU.ActiveCfg = Debug|Any CPU
		{1B334A9A-8304-45CD-A946-7DAA698FBE05}.Debug|Any CPU.Build.0 = Debug|Any CPU
		{1B334A9A-8304-45CD-A946-7DAA698FBE05}.Release|Any CPU.ActiveCfg = Release|Any CPU
		{1B334A9A-8304-45CD-A946-7DAA698FBE05}.Release|Any CPU.Build.0 = Release|Any CPU
	EndGlobalSection
	GlobalSection(SolutionProperties) = preSolution
		HideSolutionNode = FALSE
	EndGlobalSection
	GlobalSection(ExtensibilityGlobals) = postSolution
		SolutionGuid = {26B8A3A5-2ACF-4092-9403-041A821E5FDB}
	EndGlobalSection
EndGlobal
